// !$*UTF8*$!
{
	archiveVersion = 1;
	classes = {
	};
	objectVersion = 46;
	objects = {

/* Begin PBXBuildFile section */
		0F7FED0C241840D200C3BABB /* SetRule.swift in Sources */ = {isa = PBXBuildFile; fileRef = 0F7FED0B241840D200C3BABB /* SetRule.swift */; };
		0F7FED0F241849C600C3BABB /* SceneDelegate.swift in Sources */ = {isa = PBXBuildFile; fileRef = 0F7FED0E241849C500C3BABB /* SceneDelegate.swift */; };
		0F7FED14241863AA00C3BABB /* Score.swift in Sources */ = {isa = PBXBuildFile; fileRef = 0F7FED13241863AA00C3BABB /* Score.swift */; };
		0F7FED1624186BB400C3BABB /* SetSeed.swift in Sources */ = {isa = PBXBuildFile; fileRef = 0F7FED1524186BB400C3BABB /* SetSeed.swift */; };
		0F96D476243BC72200F2EC43 /* Default-568h@2x.png in Resources */ = {isa = PBXBuildFile; fileRef = 0F96D475243BC72200F2EC43 /* Default-568h@2x.png */; };
		0FC7D0AD2413448D0014A9BB /* MainView.swift in Sources */ = {isa = PBXBuildFile; fileRef = 0FC7D0AC2413448D0014A9BB /* MainView.swift */; };
		0FC7D0AF241345200014A9BB /* ItemRow.swift in Sources */ = {isa = PBXBuildFile; fileRef = 0FC7D0AE241345200014A9BB /* ItemRow.swift */; };
		430D00591D09F5F600B88997 /* AppDelegate.swift in Sources */ = {isa = PBXBuildFile; fileRef = 430D00581D09F5F600B88997 /* AppDelegate.swift */; };
		430D00621D09F5F600B88997 /* Assets.xcassets in Resources */ = {isa = PBXBuildFile; fileRef = 430D00611D09F5F600B88997 /* Assets.xcassets */; };
		430D00651D09F5F600B88997 /* LaunchScreen.storyboard in Resources */ = {isa = PBXBuildFile; fileRef = 430D00631D09F5F600B88997 /* LaunchScreen.storyboard */; };
/* End PBXBuildFile section */

/* Begin PBXFileReference section */
		0F7FED0B241840D200C3BABB /* SetRule.swift */ = {isa = PBXFileReference; lastKnownFileType = sourcecode.swift; path = SetRule.swift; sourceTree = "<group>"; };
		0F7FED0E241849C500C3BABB /* SceneDelegate.swift */ = {isa = PBXFileReference; lastKnownFileType = sourcecode.swift; path = SceneDelegate.swift; sourceTree = "<group>"; };
		0F7FED13241863AA00C3BABB /* Score.swift */ = {isa = PBXFileReference; lastKnownFileType = sourcecode.swift; path = Score.swift; sourceTree = "<group>"; };
		0F7FED1524186BB400C3BABB /* SetSeed.swift */ = {isa = PBXFileReference; lastKnownFileType = sourcecode.swift; path = SetSeed.swift; sourceTree = "<group>"; };
		0F96D475243BC72200F2EC43 /* Default-568h@2x.png */ = {isa = PBXFileReference; lastKnownFileType = image.png; path = "Default-568h@2x.png"; sourceTree = "<group>"; };
		0FC7D0AC2413448D0014A9BB /* MainView.swift */ = {isa = PBXFileReference; lastKnownFileType = sourcecode.swift; path = MainView.swift; sourceTree = "<group>"; };
		0FC7D0AE241345200014A9BB /* ItemRow.swift */ = {isa = PBXFileReference; lastKnownFileType = sourcecode.swift; path = ItemRow.swift; sourceTree = "<group>"; };
		430D00551D09F5F600B88997 /* Fractalator.app */ = {isa = PBXFileReference; explicitFileType = wrapper.application; includeInIndex = 0; path = Fractalator.app; sourceTree = BUILT_PRODUCTS_DIR; };
		430D00581D09F5F600B88997 /* AppDelegate.swift */ = {isa = PBXFileReference; lastKnownFileType = sourcecode.swift; path = AppDelegate.swift; sourceTree = "<group>"; };
		430D00611D09F5F600B88997 /* Assets.xcassets */ = {isa = PBXFileReference; lastKnownFileType = folder.assetcatalog; path = Assets.xcassets; sourceTree = "<group>"; };
		430D00641D09F5F600B88997 /* Base */ = {isa = PBXFileReference; lastKnownFileType = file.storyboard; name = Base; path = Base.lproj/LaunchScreen.storyboard; sourceTree = "<group>"; };
		430D00661D09F5F600B88997 /* Info.plist */ = {isa = PBXFileReference; lastKnownFileType = text.plist.xml; path = Info.plist; sourceTree = "<group>"; };
		430D006E1D0A079900B88997 /* Fractalator.entitlements */ = {isa = PBXFileReference; lastKnownFileType = text.plist.entitlements; path = Fractalator.entitlements; sourceTree = "<group>"; };
/* End PBXFileReference section */

/* Begin PBXFrameworksBuildPhase section */
		430D00521D09F5F600B88997 /* Frameworks */ = {
			isa = PBXFrameworksBuildPhase;
			buildActionMask = 2147483647;
			files = (
			);
			runOnlyForDeploymentPostprocessing = 0;
		};
/* End PBXFrameworksBuildPhase section */

/* Begin PBXGroup section */
		0F7FED0D241840D900C3BABB /* Views */ = {
			isa = PBXGroup;
			children = (
				0FC7D0AC2413448D0014A9BB /* MainView.swift */,
				0F7FED0B241840D200C3BABB /* SetRule.swift */,
				0F7FED1524186BB400C3BABB /* SetSeed.swift */,
				0FC7D0AE241345200014A9BB /* ItemRow.swift */,
			);
			name = Views;
			sourceTree = "<group>";
		};
		0F7FED12241854BA00C3BABB /* Models */ = {
			isa = PBXGroup;
			children = (
				0F7FED13241863AA00C3BABB /* Score.swift */,
			);
			name = Models;
			sourceTree = "<group>";
		};
		430D004C1D09F5F600B88997 = {
			isa = PBXGroup;
			children = (
				0F96D475243BC72200F2EC43 /* Default-568h@2x.png */,
				430D00571D09F5F600B88997 /* Fractalator */,
				430D00561D09F5F600B88997 /* Products */,
			);
			sourceTree = "<group>";
		};
		430D00561D09F5F600B88997 /* Products */ = {
			isa = PBXGroup;
			children = (
				430D00551D09F5F600B88997 /* Fractalator.app */,
			);
			name = Products;
			sourceTree = "<group>";
		};
		430D00571D09F5F600B88997 /* Fractalator */ = {
			isa = PBXGroup;
			children = (
				430D006E1D0A079900B88997 /* Fractalator.entitlements */,
				430D00581D09F5F600B88997 /* AppDelegate.swift */,
				0F7FED0E241849C500C3BABB /* SceneDelegate.swift */,
				0F7FED0D241840D900C3BABB /* Views */,
				0F7FED12241854BA00C3BABB /* Models */,
				430D00611D09F5F600B88997 /* Assets.xcassets */,
				430D00631D09F5F600B88997 /* LaunchScreen.storyboard */,
				430D00661D09F5F600B88997 /* Info.plist */,
			);
			path = Fractalator;
			sourceTree = "<group>";
		};
/* End PBXGroup section */

/* Begin PBXNativeTarget section */
		430D00541D09F5F600B88997 /* Fractlator */ = {
			isa = PBXNativeTarget;
			buildConfigurationList = 430D00691D09F5F600B88997 /* Build configuration list for PBXNativeTarget "Fractlator" */;
			buildPhases = (
				430D00511D09F5F600B88997 /* Sources */,
				430D00521D09F5F600B88997 /* Frameworks */,
				430D00531D09F5F600B88997 /* Resources */,
			);
			buildRules = (
			);
			dependencies = (
			);
			name = Fractlator;
			productName = Fraxalator;
			productReference = 430D00551D09F5F600B88997 /* Fractalator.app */;
			productType = "com.apple.product-type.application";
		};
/* End PBXNativeTarget section */

/* Begin PBXProject section */
		430D004D1D09F5F600B88997 /* Project object */ = {
			isa = PBXProject;
			attributes = {
				LastSwiftUpdateCheck = 0730;
				LastUpgradeCheck = 1130;
				ORGANIZATIONNAME = OneNathan;
				TargetAttributes = {
					430D00541D09F5F600B88997 = {
						CreatedOnToolsVersion = 7.3.1;
						DevelopmentTeam = PLNFCVNGS6;
						LastSwiftMigration = 1130;
						SystemCapabilities = {
							com.apple.iCloud = {
								enabled = 0;
							};
						};
					};
				};
			};
			buildConfigurationList = 430D00501D09F5F600B88997 /* Build configuration list for PBXProject "Fractlator" */;
			compatibilityVersion = "Xcode 3.2";
			developmentRegion = en;
			hasScannedForEncodings = 0;
			knownRegions = (
				en,
				Base,
			);
			mainGroup = 430D004C1D09F5F600B88997;
			productRefGroup = 430D00561D09F5F600B88997 /* Products */;
			projectDirPath = "";
			projectRoot = "";
			targets = (
				430D00541D09F5F600B88997 /* Fractlator */,
			);
		};
/* End PBXProject section */

/* Begin PBXResourcesBuildPhase section */
		430D00531D09F5F600B88997 /* Resources */ = {
			isa = PBXResourcesBuildPhase;
			buildActionMask = 2147483647;
			files = (
				430D00651D09F5F600B88997 /* LaunchScreen.storyboard in Resources */,
				430D00621D09F5F600B88997 /* Assets.xcassets in Resources */,
				0F96D476243BC72200F2EC43 /* Default-568h@2x.png in Resources */,
			);
			runOnlyForDeploymentPostprocessing = 0;
		};
/* End PBXResourcesBuildPhase section */

/* Begin PBXSourcesBuildPhase section */
		430D00511D09F5F600B88997 /* Sources */ = {
			isa = PBXSourcesBuildPhase;
			buildActionMask = 2147483647;
			files = (
				0F7FED14241863AA00C3BABB /* Score.swift in Sources */,
				0F7FED0C241840D200C3BABB /* SetRule.swift in Sources */,
				0FC7D0AF241345200014A9BB /* ItemRow.swift in Sources */,
				0F7FED0F241849C600C3BABB /* SceneDelegate.swift in Sources */,
				0F7FED1624186BB400C3BABB /* SetSeed.swift in Sources */,
				430D00591D09F5F600B88997 /* AppDelegate.swift in Sources */,
				0FC7D0AD2413448D0014A9BB /* MainView.swift in Sources */,
			);
			runOnlyForDeploymentPostprocessing = 0;
		};
/* End PBXSourcesBuildPhase section */

/* Begin PBXVariantGroup section */
		430D00631D09F5F600B88997 /* LaunchScreen.storyboard */ = {
			isa = PBXVariantGroup;
			children = (
				430D00641D09F5F600B88997 /* Base */,
			);
			name = LaunchScreen.storyboard;
			sourceTree = "<group>";
		};
/* End PBXVariantGroup section */

/* Begin XCBuildConfiguration section */
		430D00671D09F5F600B88997 /* Debug */ = {
			isa = XCBuildConfiguration;
			buildSettings = {
				ALWAYS_SEARCH_USER_PATHS = NO;
				CLANG_ANALYZER_LOCALIZABILITY_NONLOCALIZED = YES;
				CLANG_ANALYZER_NONNULL = YES;
				CLANG_CXX_LANGUAGE_STANDARD = "gnu++0x";
				CLANG_CXX_LIBRARY = "libc++";
				CLANG_ENABLE_MODULES = YES;
				CLANG_ENABLE_OBJC_ARC = YES;
				CLANG_WARN_BLOCK_CAPTURE_AUTORELEASING = YES;
				CLANG_WARN_BOOL_CONVERSION = YES;
				CLANG_WARN_COMMA = YES;
				CLANG_WARN_CONSTANT_CONVERSION = YES;
				CLANG_WARN_DEPRECATED_OBJC_IMPLEMENTATIONS = YES;
				CLANG_WARN_DIRECT_OBJC_ISA_USAGE = YES_ERROR;
				CLANG_WARN_EMPTY_BODY = YES;
				CLANG_WARN_ENUM_CONVERSION = YES;
				CLANG_WARN_INFINITE_RECURSION = YES;
				CLANG_WARN_INT_CONVERSION = YES;
				CLANG_WARN_NON_LITERAL_NULL_CONVERSION = YES;
				CLANG_WARN_OBJC_IMPLICIT_RETAIN_SELF = YES;
				CLANG_WARN_OBJC_LITERAL_CONVERSION = YES;
				CLANG_WARN_OBJC_ROOT_CLASS = YES_ERROR;
				CLANG_WARN_RANGE_LOOP_ANALYSIS = YES;
				CLANG_WARN_STRICT_PROTOTYPES = YES;
				CLANG_WARN_SUSPICIOUS_MOVE = YES;
				CLANG_WARN_UNREACHABLE_CODE = YES;
				CLANG_WARN__DUPLICATE_METHOD_MATCH = YES;
				"CODE_SIGN_IDENTITY[sdk=iphoneos*]" = "iPhone Developer";
				COPY_PHASE_STRIP = NO;
				DEBUG_INFORMATION_FORMAT = dwarf;
				ENABLE_STRICT_OBJC_MSGSEND = YES;
				ENABLE_TESTABILITY = YES;
				GCC_C_LANGUAGE_STANDARD = gnu99;
				GCC_DYNAMIC_NO_PIC = NO;
				GCC_NO_COMMON_BLOCKS = YES;
				GCC_OPTIMIZATION_LEVEL = 0;
				GCC_PREPROCESSOR_DEFINITIONS = (
					"DEBUG=1",
					"$(inherited)",
				);
				GCC_WARN_64_TO_32_BIT_CONVERSION = YES;
				GCC_WARN_ABOUT_RETURN_TYPE = YES_ERROR;
				GCC_WARN_UNDECLARED_SELECTOR = YES;
				GCC_WARN_UNINITIALIZED_AUTOS = YES_AGGRESSIVE;
				GCC_WARN_UNUSED_FUNCTION = YES;
				GCC_WARN_UNUSED_VARIABLE = YES;
				IPHONEOS_DEPLOYMENT_TARGET = 13.2;
				MTL_ENABLE_DEBUG_INFO = YES;
				ONLY_ACTIVE_ARCH = YES;
				SDKROOT = iphoneos;
				SWIFT_OPTIMIZATION_LEVEL = "-Onone";
				TARGETED_DEVICE_FAMILY = "1,2";
			};
			name = Debug;
		};
		430D00681D09F5F600B88997 /* Release */ = {
			isa = XCBuildConfiguration;
			buildSettings = {
				ALWAYS_SEARCH_USER_PATHS = NO;
				CLANG_ANALYZER_LOCALIZABILITY_NONLOCALIZED = YES;
				CLANG_ANALYZER_NONNULL = YES;
				CLANG_CXX_LANGUAGE_STANDARD = "gnu++0x";
				CLANG_CXX_LIBRARY = "libc++";
				CLANG_ENABLE_MODULES = YES;
				CLANG_ENABLE_OBJC_ARC = YES;
				CLANG_WARN_BLOCK_CAPTURE_AUTORELEASING = YES;
				CLANG_WARN_BOOL_CONVERSION = YES;
				CLANG_WARN_COMMA = YES;
				CLANG_WARN_CONSTANT_CONVERSION = YES;
				CLANG_WARN_DEPRECATED_OBJC_IMPLEMENTATIONS = YES;
				CLANG_WARN_DIRECT_OBJC_ISA_USAGE = YES_ERROR;
				CLANG_WARN_EMPTY_BODY = YES;
				CLANG_WARN_ENUM_CONVERSION = YES;
				CLANG_WARN_INFINITE_RECURSION = YES;
				CLANG_WARN_INT_CONVERSION = YES;
				CLANG_WARN_NON_LITERAL_NULL_CONVERSION = YES;
				CLANG_WARN_OBJC_IMPLICIT_RETAIN_SELF = YES;
				CLANG_WARN_OBJC_LITERAL_CONVERSION = YES;
				CLANG_WARN_OBJC_ROOT_CLASS = YES_ERROR;
				CLANG_WARN_RANGE_LOOP_ANALYSIS = YES;
				CLANG_WARN_STRICT_PROTOTYPES = YES;
				CLANG_WARN_SUSPICIOUS_MOVE = YES;
				CLANG_WARN_UNREACHABLE_CODE = YES;
				CLANG_WARN__DUPLICATE_METHOD_MATCH = YES;
				"CODE_SIGN_IDENTITY[sdk=iphoneos*]" = "iPhone Developer";
				COPY_PHASE_STRIP = NO;
				DEBUG_INFORMATION_FORMAT = "dwarf-with-dsym";
				ENABLE_NS_ASSERTIONS = NO;
				ENABLE_STRICT_OBJC_MSGSEND = YES;
				GCC_C_LANGUAGE_STANDARD = gnu99;
				GCC_NO_COMMON_BLOCKS = YES;
				GCC_WARN_64_TO_32_BIT_CONVERSION = YES;
				GCC_WARN_ABOUT_RETURN_TYPE = YES_ERROR;
				GCC_WARN_UNDECLARED_SELECTOR = YES;
				GCC_WARN_UNINITIALIZED_AUTOS = YES_AGGRESSIVE;
				GCC_WARN_UNUSED_FUNCTION = YES;
				GCC_WARN_UNUSED_VARIABLE = YES;
				IPHONEOS_DEPLOYMENT_TARGET = 13.2;
				MTL_ENABLE_DEBUG_INFO = NO;
				SDKROOT = iphoneos;
				SWIFT_OPTIMIZATION_LEVEL = "-Owholemodule";
				TARGETED_DEVICE_FAMILY = "1,2";
				VALIDATE_PRODUCT = YES;
			};
			name = Release;
		};
		430D006A1D09F5F600B88997 /* Debug */ = {
			isa = XCBuildConfiguration;
			buildSettings = {
				ASSETCATALOG_COMPILER_APPICON_NAME = AppIcon;
				CURRENT_PROJECT_VERSION = 1;
				DEVELOPMENT_TEAM = PLNFCVNGS6;
				INFOPLIST_FILE = Fractalator/Info.plist;
				IPHONEOS_DEPLOYMENT_TARGET = 13.0;
				LD_RUNPATH_SEARCH_PATHS = "$(inherited) @executable_path/Frameworks";
				MARKETING_VERSION = 1.0;
				PRODUCT_BUNDLE_IDENTIFIER = com.onenathan.Fractalator;
				PRODUCT_NAME = Fractalator;
				SWIFT_SWIFT3_OBJC_INFERENCE = Default;
				SWIFT_VERSION = 5.0;
			};
			name = Debug;
		};
		430D006B1D09F5F600B88997 /* Release */ = {
			isa = XCBuildConfiguration;
			buildSettings = {
				ASSETCATALOG_COMPILER_APPICON_NAME = AppIcon;
				CURRENT_PROJECT_VERSION = 1;
				DEVELOPMENT_TEAM = PLNFCVNGS6;
				INFOPLIST_FILE = Fractalator/Info.plist;
				IPHONEOS_DEPLOYMENT_TARGET = 13.0;
				LD_RUNPATH_SEARCH_PATHS = "$(inherited) @executable_path/Frameworks";
				MARKETING_VERSION = 1.0;
				PRODUCT_BUNDLE_IDENTIFIER = com.onenathan.Fractalator;
				PRODUCT_NAME = Fractalator;
				SWIFT_SWIFT3_OBJC_INFERENCE = Default;
				SWIFT_VERSION = 5.0;
			};
			name = Release;
		};
/* End XCBuildConfiguration section */

/* Begin XCConfigurationList section */
		430D00501D09F5F600B88997 /* Build configuration list for PBXProject "Fractlator" */ = {
			isa = XCConfigurationList;
			buildConfigurations = (
				430D00671D09F5F600B88997 /* Debug */,
				430D00681D09F5F600B88997 /* Release */,
			);
			defaultConfigurationIsVisible = 0;
			defaultConfigurationName = Release;
		};
		430D00691D09F5F600B88997 /* Build configuration list for PBXNativeTarget "Fractlator" */ = {
			isa = XCConfigurationList;
			buildConfigurations = (
				430D006A1D09F5F600B88997 /* Debug */,
				430D006B1D09F5F600B88997 /* Release */,
			);
			defaultConfigurationIsVisible = 0;
			defaultConfigurationName = Release;
		};
/* End XCConfigurationList section */
	};
	rootObject = 430D004D1D09F5F600B88997 /* Project object */;
}
